
Microsoft Visual Studio Solution File, Format Version 12.00
# Visual Studio Version 17
VisualStudioVersion = 17.11.35312.102
MinimumVisualStudioVersion = 10.0.40219.1
Project("{FAE04EC0-301F-11D3-BF4B-00C04F79EFBC}") = "TempleOfDoom", "TempleOfDoom.csproj", "{065653FE-6B72-4D3C-A0B6-A1BE2BCAA98B}"
EndProject
Global
	GlobalSection(SolutionConfigurationPlatforms) = preSolution
		Debug|Any CPU = Debug|Any CPU
		Release|Any CPU = Release|Any CPU
	EndGlobalSection
	GlobalSection(ProjectConfigurationPlatforms) = postSolution
		{065653FE-6B72-4D3C-A0B6-A1BE2BCAA98B}.Debug|Any CPU.ActiveCfg = Debug|Any CPU
		{065653FE-6B72-4D3C-A0B6-A1BE2BCAA98B}.Debug|Any CPU.Build.0 = Debug|Any CPU
		{065653FE-6B72-4D3C-A0B6-A1BE2BCAA98B}.Release|Any CPU.ActiveCfg = Release|Any CPU
		{065653FE-6B72-4D3C-A0B6-A1BE2BCAA98B}.Release|Any CPU.Build.0 = Release|Any CPU
	EndGlobalSection
	GlobalSection(SolutionProperties) = preSolution
		HideSolutionNode = FALSE
	EndGlobalSection
	GlobalSection(ExtensibilityGlobals) = postSolution
		SolutionGuid = {CDE0D321-AFE1-4DDC-B572-03A536E2DA6C}
	EndGlobalSection
EndGlobal
